{
    "_meta": {
        "hash": {
            "sha256": "13f3d3a4e46e79e142fe486e4897133210fa71e86e48ade3165834a0716d3c7b"
        },
        "pipfile-spec": 6,
        "requires": {
            "python_version": "3.7"
        },
        "sources": [
            {
                "name": "pypi",
                "url": "https://pypi.org/simple",
                "verify_ssl": true
            }
        ]
    },
    "default": {
        "construct": {
            "hashes": [
                "sha256:97ba13edcd98546f10f7555af41c8ce7ae9d8221525ec4062c03f9adbf940661"
            ],
            "index": "pypi",
            "version": "==2.10.56"
        }
    },
    "develop": {}
}
